{
  "requires": true,
  "lockfileVersion": 1,
  "dependencies": {
    "@tkrotoff/bootstrap-input-spinner": {
      "version": "0.4.1",
      "resolved": "https://registry.npmjs.org/@tkrotoff/bootstrap-input-spinner/-/bootstrap-input-spinner-0.4.1.tgz",
      "integrity": "sha512-4ailqwW4+PXqn7K06b2Y5v5hrGq9Lx/FU+MSiEHKZ2B2vW7U5QNIa+OiaUroQL1x64djFsXAWczqH5LghGMwdQ=="
    }
  }
}
